// !$*UTF8*$!
{
	archiveVersion = 1;
	classes = {
	};
	objectVersion = 50;
	objects = {

/* Begin PBXBuildFile section */
		838D282BD0C7D83D33791C96 /* libPods-JinhuiSDKDemoTests.a in Frameworks */ = {isa = PBXBuildFile; fileRef = B6CA522ED06E1075D3FF4BDB /* libPods-JinhuiSDKDemoTests.a */; };
		CE11D7EDE78BEC5137867A6A /* libPods-JinhuiSDKDemo.a in Frameworks */ = {isa = PBXBuildFile; fileRef = A9FFC28BBA1FEC34520AE029 /* libPods-JinhuiSDKDemo.a */; };
		F1F0D89B71B8FA49F907B3B6 /* libPods-JinhuiSDKDemoUITests.a in Frameworks */ = {isa = PBXBuildFile; fileRef = 5A8CB849FBC2A74B89776848 /* libPods-JinhuiSDKDemoUITests.a */; };
		F2A427722315014F00F5A4B9 /* AppDelegate.m in Sources */ = {isa = PBXBuildFile; fileRef = F2A427712315014F00F5A4B9 /* AppDelegate.m */; };
		F2A4277A2315015000F5A4B9 /* Assets.xcassets in Resources */ = {isa = PBXBuildFile; fileRef = F2A427792315015000F5A4B9 /* Assets.xcassets */; };
		F2A4277D2315015000F5A4B9 /* LaunchScreen.storyboard in Resources */ = {isa = PBXBuildFile; fileRef = F2A4277B2315015000F5A4B9 /* LaunchScreen.storyboard */; };
		F2A427802315015000F5A4B9 /* main.m in Sources */ = {isa = PBXBuildFile; fileRef = F2A4277F2315015000F5A4B9 /* main.m */; };
		F2A4278A2315015000F5A4B9 /* JinhuiSDKDemoTests.m in Sources */ = {isa = PBXBuildFile; fileRef = F2A427892315015000F5A4B9 /* JinhuiSDKDemoTests.m */; };
		F2A427952315015000F5A4B9 /* JinhuiSDKDemoUITests.m in Sources */ = {isa = PBXBuildFile; fileRef = F2A427942315015000F5A4B9 /* JinhuiSDKDemoUITests.m */; };
		F2A427BF231665A900F5A4B9 /* LoginViewController.m in Sources */ = {isa = PBXBuildFile; fileRef = F2A427AD231665A700F5A4B9 /* LoginViewController.m */; };
		F2A427C0231665A900F5A4B9 /* User.m in Sources */ = {isa = PBXBuildFile; fileRef = F2A427AE231665A700F5A4B9 /* User.m */; };
		F2A427C1231665A900F5A4B9 /* EntryViewController.m in Sources */ = {isa = PBXBuildFile; fileRef = F2A427AF231665A700F5A4B9 /* EntryViewController.m */; };
		F2A427C2231665A900F5A4B9 /* RiskViewController.m in Sources */ = {isa = PBXBuildFile; fileRef = F2A427B2231665A700F5A4B9 /* RiskViewController.m */; };
		F2A427C3231665A900F5A4B9 /* TabBarController.m in Sources */ = {isa = PBXBuildFile; fileRef = F2A427B3231665A700F5A4B9 /* TabBarController.m */; };
		F2A427C4231665A900F5A4B9 /* MineViewController.m in Sources */ = {isa = PBXBuildFile; fileRef = F2A427B5231665A700F5A4B9 /* MineViewController.m */; };
		F2A427C5231665A900F5A4B9 /* HomeViewController.m in Sources */ = {isa = PBXBuildFile; fileRef = F2A427B8231665A800F5A4B9 /* HomeViewController.m */; };
		F2A427C6231665A900F5A4B9 /* EventListener.m in Sources */ = {isa = PBXBuildFile; fileRef = F2A427BB231665A800F5A4B9 /* EventListener.m */; };
		F2A427C92316675B00F5A4B9 /* README.md in Resources */ = {isa = PBXBuildFile; fileRef = F2A427C82316675B00F5A4B9 /* README.md */; };
		F2A427CB2319037B00F5A4B9 /* JinhuiSDK.framework in Frameworks */ = {isa = PBXBuildFile; fileRef = F2A427CA2319037A00F5A4B9 /* JinhuiSDK.framework */; };
		F2A427CD231903DC00F5A4B9 /* WebKit.framework in Frameworks */ = {isa = PBXBuildFile; fileRef = F2A427CC231903DC00F5A4B9 /* WebKit.framework */; };
/* End PBXBuildFile section */

/* Begin PBXContainerItemProxy section */
		F2A427862315015000F5A4B9 /* PBXContainerItemProxy */ = {
			isa = PBXContainerItemProxy;
			containerPortal = F2A427652315014F00F5A4B9 /* Project object */;
			proxyType = 1;
			remoteGlobalIDString = F2A4276C2315014F00F5A4B9;
			remoteInfo = JinhuiSDKDemo;
		};
		F2A427912315015000F5A4B9 /* PBXContainerItemProxy */ = {
			isa = PBXContainerItemProxy;
			containerPortal = F2A427652315014F00F5A4B9 /* Project object */;
			proxyType = 1;
			remoteGlobalIDString = F2A4276C2315014F00F5A4B9;
			remoteInfo = JinhuiSDKDemo;
		};
/* End PBXContainerItemProxy section */

/* Begin PBXFileReference section */
		2DF0C19DDADC25FC29C00908 /* Pods-JinhuiSDKDemoTests.debug.xcconfig */ = {isa = PBXFileReference; includeInIndex = 1; lastKnownFileType = text.xcconfig; name = "Pods-JinhuiSDKDemoTests.debug.xcconfig"; path = "Target Support Files/Pods-JinhuiSDKDemoTests/Pods-JinhuiSDKDemoTests.debug.xcconfig"; sourceTree = "<group>"; };
		5A8CB849FBC2A74B89776848 /* libPods-JinhuiSDKDemoUITests.a */ = {isa = PBXFileReference; explicitFileType = archive.ar; includeInIndex = 0; path = "libPods-JinhuiSDKDemoUITests.a"; sourceTree = BUILT_PRODUCTS_DIR; };
		7A7F37A079EE74634F1FDCE6 /* Pods-JinhuiSDKDemoUITests.release.xcconfig */ = {isa = PBXFileReference; includeInIndex = 1; lastKnownFileType = text.xcconfig; name = "Pods-JinhuiSDKDemoUITests.release.xcconfig"; path = "Target Support Files/Pods-JinhuiSDKDemoUITests/Pods-JinhuiSDKDemoUITests.release.xcconfig"; sourceTree = "<group>"; };
		97D5BB7E0C4486740F2D0596 /* Pods-JinhuiSDKDemo.release.xcconfig */ = {isa = PBXFileReference; includeInIndex = 1; lastKnownFileType = text.xcconfig; name = "Pods-JinhuiSDKDemo.release.xcconfig"; path = "Target Support Files/Pods-JinhuiSDKDemo/Pods-JinhuiSDKDemo.release.xcconfig"; sourceTree = "<group>"; };
		9F53AA890A1AB26694C8DDF4 /* Pods-JinhuiSDKDemoTests.release.xcconfig */ = {isa = PBXFileReference; includeInIndex = 1; lastKnownFileType = text.xcconfig; name = "Pods-JinhuiSDKDemoTests.release.xcconfig"; path = "Target Support Files/Pods-JinhuiSDKDemoTests/Pods-JinhuiSDKDemoTests.release.xcconfig"; sourceTree = "<group>"; };
		9FEDA354E951E89938C449FF /* Pods-JinhuiSDKDemoUITests.debug.xcconfig */ = {isa = PBXFileReference; includeInIndex = 1; lastKnownFileType = text.xcconfig; name = "Pods-JinhuiSDKDemoUITests.debug.xcconfig"; path = "Target Support Files/Pods-JinhuiSDKDemoUITests/Pods-JinhuiSDKDemoUITests.debug.xcconfig"; sourceTree = "<group>"; };
		A9FFC28BBA1FEC34520AE029 /* libPods-JinhuiSDKDemo.a */ = {isa = PBXFileReference; explicitFileType = archive.ar; includeInIndex = 0; path = "libPods-JinhuiSDKDemo.a"; sourceTree = BUILT_PRODUCTS_DIR; };
		B6CA522ED06E1075D3FF4BDB /* libPods-JinhuiSDKDemoTests.a */ = {isa = PBXFileReference; explicitFileType = archive.ar; includeInIndex = 0; path = "libPods-JinhuiSDKDemoTests.a"; sourceTree = BUILT_PRODUCTS_DIR; };
		CF3FB9DCD70043F2C0552167 /* Pods-JinhuiSDKDemo.debug.xcconfig */ = {isa = PBXFileReference; includeInIndex = 1; lastKnownFileType = text.xcconfig; name = "Pods-JinhuiSDKDemo.debug.xcconfig"; path = "Target Support Files/Pods-JinhuiSDKDemo/Pods-JinhuiSDKDemo.debug.xcconfig"; sourceTree = "<group>"; };
		F2A4276D2315014F00F5A4B9 /* JinhuiSDKDemo.app */ = {isa = PBXFileReference; explicitFileType = wrapper.application; includeInIndex = 0; path = JinhuiSDKDemo.app; sourceTree = BUILT_PRODUCTS_DIR; };
		F2A427702315014F00F5A4B9 /* AppDelegate.h */ = {isa = PBXFileReference; lastKnownFileType = sourcecode.c.h; path = AppDelegate.h; sourceTree = "<group>"; };
		F2A427712315014F00F5A4B9 /* AppDelegate.m */ = {isa = PBXFileReference; lastKnownFileType = sourcecode.c.objc; path = AppDelegate.m; sourceTree = "<group>"; };
		F2A427792315015000F5A4B9 /* Assets.xcassets */ = {isa = PBXFileReference; lastKnownFileType = folder.assetcatalog; path = Assets.xcassets; sourceTree = "<group>"; };
		F2A4277C2315015000F5A4B9 /* Base */ = {isa = PBXFileReference; lastKnownFileType = file.storyboard; name = Base; path = Base.lproj/LaunchScreen.storyboard; sourceTree = "<group>"; };
		F2A4277E2315015000F5A4B9 /* Info.plist */ = {isa = PBXFileReference; lastKnownFileType = text.plist.xml; path = Info.plist; sourceTree = "<group>"; };
		F2A4277F2315015000F5A4B9 /* main.m */ = {isa = PBXFileReference; lastKnownFileType = sourcecode.c.objc; path = main.m; sourceTree = "<group>"; };
		F2A427852315015000F5A4B9 /* JinhuiSDKDemoTests.xctest */ = {isa = PBXFileReference; explicitFileType = wrapper.cfbundle; includeInIndex = 0; path = JinhuiSDKDemoTests.xctest; sourceTree = BUILT_PRODUCTS_DIR; };
		F2A427892315015000F5A4B9 /* JinhuiSDKDemoTests.m */ = {isa = PBXFileReference; lastKnownFileType = sourcecode.c.objc; path = JinhuiSDKDemoTests.m; sourceTree = "<group>"; };
		F2A4278B2315015000F5A4B9 /* Info.plist */ = {isa = PBXFileReference; lastKnownFileType = text.plist.xml; path = Info.plist; sourceTree = "<group>"; };
		F2A427902315015000F5A4B9 /* JinhuiSDKDemoUITests.xctest */ = {isa = PBXFileReference; explicitFileType = wrapper.cfbundle; includeInIndex = 0; path = JinhuiSDKDemoUITests.xctest; sourceTree = BUILT_PRODUCTS_DIR; };
		F2A427942315015000F5A4B9 /* JinhuiSDKDemoUITests.m */ = {isa = PBXFileReference; lastKnownFileType = sourcecode.c.objc; path = JinhuiSDKDemoUITests.m; sourceTree = "<group>"; };
		F2A427962315015000F5A4B9 /* Info.plist */ = {isa = PBXFileReference; lastKnownFileType = text.plist.xml; path = Info.plist; sourceTree = "<group>"; };
		F2A427AD231665A700F5A4B9 /* LoginViewController.m */ = {isa = PBXFileReference; fileEncoding = 4; lastKnownFileType = sourcecode.c.objc; path = LoginViewController.m; sourceTree = "<group>"; };
		F2A427AE231665A700F5A4B9 /* User.m */ = {isa = PBXFileReference; fileEncoding = 4; lastKnownFileType = sourcecode.c.objc; path = User.m; sourceTree = "<group>"; };
		F2A427AF231665A700F5A4B9 /* EntryViewController.m */ = {isa = PBXFileReference; fileEncoding = 4; lastKnownFileType = sourcecode.c.objc; path = EntryViewController.m; sourceTree = "<group>"; };
		F2A427B0231665A700F5A4B9 /* MineViewController.h */ = {isa = PBXFileReference; fileEncoding = 4; lastKnownFileType = sourcecode.c.h; path = MineViewController.h; sourceTree = "<group>"; };
		F2A427B1231665A700F5A4B9 /* EntryViewController.h */ = {isa = PBXFileReference; fileEncoding = 4; lastKnownFileType = sourcecode.c.h; path = EntryViewController.h; sourceTree = "<group>"; };
		F2A427B2231665A700F5A4B9 /* RiskViewController.m */ = {isa = PBXFileReference; fileEncoding = 4; lastKnownFileType = sourcecode.c.objc; path = RiskViewController.m; sourceTree = "<group>"; };
		F2A427B3231665A700F5A4B9 /* TabBarController.m */ = {isa = PBXFileReference; fileEncoding = 4; lastKnownFileType = sourcecode.c.objc; path = TabBarController.m; sourceTree = "<group>"; };
		F2A427B5231665A700F5A4B9 /* MineViewController.m */ = {isa = PBXFileReference; fileEncoding = 4; lastKnownFileType = sourcecode.c.objc; path = MineViewController.m; sourceTree = "<group>"; };
		F2A427B6231665A800F5A4B9 /* RiskViewController.h */ = {isa = PBXFileReference; fileEncoding = 4; lastKnownFileType = sourcecode.c.h; path = RiskViewController.h; sourceTree = "<group>"; };
		F2A427B7231665A800F5A4B9 /* User.h */ = {isa = PBXFileReference; fileEncoding = 4; lastKnownFileType = sourcecode.c.h; path = User.h; sourceTree = "<group>"; };
		F2A427B8231665A800F5A4B9 /* HomeViewController.m */ = {isa = PBXFileReference; fileEncoding = 4; lastKnownFileType = sourcecode.c.objc; path = HomeViewController.m; sourceTree = "<group>"; };
		F2A427B9231665A800F5A4B9 /* LoginViewController.h */ = {isa = PBXFileReference; fileEncoding = 4; lastKnownFileType = sourcecode.c.h; path = LoginViewController.h; sourceTree = "<group>"; };
		F2A427BA231665A800F5A4B9 /* TabBarController.h */ = {isa = PBXFileReference; fileEncoding = 4; lastKnownFileType = sourcecode.c.h; path = TabBarController.h; sourceTree = "<group>"; };
		F2A427BB231665A800F5A4B9 /* EventListener.m */ = {isa = PBXFileReference; fileEncoding = 4; lastKnownFileType = sourcecode.c.objc; path = EventListener.m; sourceTree = "<group>"; };
		F2A427BC231665A800F5A4B9 /* HomeViewController.h */ = {isa = PBXFileReference; fileEncoding = 4; lastKnownFileType = sourcecode.c.h; path = HomeViewController.h; sourceTree = "<group>"; };
		F2A427BE231665A900F5A4B9 /* EventListener.h */ = {isa = PBXFileReference; fileEncoding = 4; lastKnownFileType = sourcecode.c.h; path = EventListener.h; sourceTree = "<group>"; };
		F2A427C82316675B00F5A4B9 /* README.md */ = {isa = PBXFileReference; fileEncoding = 4; lastKnownFileType = net.daringfireball.markdown; path = README.md; sourceTree = "<group>"; };
		F2A427CA2319037A00F5A4B9 /* JinhuiSDK.framework */ = {isa = PBXFileReference; lastKnownFileType = wrapper.framework; name = JinhuiSDK.framework; path = JinhuiSDKDemo/JinhuiSDK.framework; sourceTree = "<group>"; };
		F2A427CC231903DC00F5A4B9 /* WebKit.framework */ = {isa = PBXFileReference; lastKnownFileType = wrapper.framework; name = WebKit.framework; path = System/Library/Frameworks/WebKit.framework; sourceTree = SDKROOT; };
/* End PBXFileReference section */

/* Begin PBXFrameworksBuildPhase section */
		F2A4276A2315014F00F5A4B9 /* Frameworks */ = {
			isa = PBXFrameworksBuildPhase;
			buildActionMask = 2147483647;
			files = (
				F2A427CD231903DC00F5A4B9 /* WebKit.framework in Frameworks */,
				F2A427CB2319037B00F5A4B9 /* JinhuiSDK.framework in Frameworks */,
				CE11D7EDE78BEC5137867A6A /* libPods-JinhuiSDKDemo.a in Frameworks */,
			);
			runOnlyForDeploymentPostprocessing = 0;
		};
		F2A427822315015000F5A4B9 /* Frameworks */ = {
			isa = PBXFrameworksBuildPhase;
			buildActionMask = 2147483647;
			files = (
				838D282BD0C7D83D33791C96 /* libPods-JinhuiSDKDemoTests.a in Frameworks */,
			);
			runOnlyForDeploymentPostprocessing = 0;
		};
		F2A4278D2315015000F5A4B9 /* Frameworks */ = {
			isa = PBXFrameworksBuildPhase;
			buildActionMask = 2147483647;
			files = (
				F1F0D89B71B8FA49F907B3B6 /* libPods-JinhuiSDKDemoUITests.a in Frameworks */,
			);
			runOnlyForDeploymentPostprocessing = 0;
		};
/* End PBXFrameworksBuildPhase section */

/* Begin PBXGroup section */
		49FA8036895D928A555526F8 /* Frameworks */ = {
			isa = PBXGroup;
			children = (
				F2A427CC231903DC00F5A4B9 /* WebKit.framework */,
				F2A427CA2319037A00F5A4B9 /* JinhuiSDK.framework */,
				A9FFC28BBA1FEC34520AE029 /* libPods-JinhuiSDKDemo.a */,
				B6CA522ED06E1075D3FF4BDB /* libPods-JinhuiSDKDemoTests.a */,
				5A8CB849FBC2A74B89776848 /* libPods-JinhuiSDKDemoUITests.a */,
			);
			name = Frameworks;
			sourceTree = "<group>";
		};
		8AD8D2B6418FABD1E9CC689A /* Pods */ = {
			isa = PBXGroup;
			children = (
				CF3FB9DCD70043F2C0552167 /* Pods-JinhuiSDKDemo.debug.xcconfig */,
				97D5BB7E0C4486740F2D0596 /* Pods-JinhuiSDKDemo.release.xcconfig */,
				2DF0C19DDADC25FC29C00908 /* Pods-JinhuiSDKDemoTests.debug.xcconfig */,
				9F53AA890A1AB26694C8DDF4 /* Pods-JinhuiSDKDemoTests.release.xcconfig */,
				9FEDA354E951E89938C449FF /* Pods-JinhuiSDKDemoUITests.debug.xcconfig */,
				7A7F37A079EE74634F1FDCE6 /* Pods-JinhuiSDKDemoUITests.release.xcconfig */,
			);
			path = Pods;
			sourceTree = "<group>";
		};
		F2A427642315014F00F5A4B9 = {
			isa = PBXGroup;
			children = (
				F2A427C82316675B00F5A4B9 /* README.md */,
				F2A4276F2315014F00F5A4B9 /* JinhuiSDKDemo */,
				F2A427882315015000F5A4B9 /* JinhuiSDKDemoTests */,
				F2A427932315015000F5A4B9 /* JinhuiSDKDemoUITests */,
				F2A4276E2315014F00F5A4B9 /* Products */,
				8AD8D2B6418FABD1E9CC689A /* Pods */,
				49FA8036895D928A555526F8 /* Frameworks */,
			);
			sourceTree = "<group>";
		};
		F2A4276E2315014F00F5A4B9 /* Products */ = {
			isa = PBXGroup;
			children = (
				F2A4276D2315014F00F5A4B9 /* JinhuiSDKDemo.app */,
				F2A427852315015000F5A4B9 /* JinhuiSDKDemoTests.xctest */,
				F2A427902315015000F5A4B9 /* JinhuiSDKDemoUITests.xctest */,
			);
			name = Products;
			sourceTree = "<group>";
		};
		F2A4276F2315014F00F5A4B9 /* JinhuiSDKDemo */ = {
			isa = PBXGroup;
			children = (
				F2A427702315014F00F5A4B9 /* AppDelegate.h */,
				F2A427712315014F00F5A4B9 /* AppDelegate.m */,
				F2A427B1231665A700F5A4B9 /* EntryViewController.h */,
				F2A427AF231665A700F5A4B9 /* EntryViewController.m */,
				F2A427BE231665A900F5A4B9 /* EventListener.h */,
				F2A427BB231665A800F5A4B9 /* EventListener.m */,
				F2A427BC231665A800F5A4B9 /* HomeViewController.h */,
				F2A427B8231665A800F5A4B9 /* HomeViewController.m */,
				F2A427B9231665A800F5A4B9 /* LoginViewController.h */,
				F2A427AD231665A700F5A4B9 /* LoginViewController.m */,
				F2A427B0231665A700F5A4B9 /* MineViewController.h */,
				F2A427B5231665A700F5A4B9 /* MineViewController.m */,
				F2A427B6231665A800F5A4B9 /* RiskViewController.h */,
				F2A427B2231665A700F5A4B9 /* RiskViewController.m */,
				F2A427BA231665A800F5A4B9 /* TabBarController.h */,
				F2A427B3231665A700F5A4B9 /* TabBarController.m */,
				F2A427B7231665A800F5A4B9 /* User.h */,
				F2A427AE231665A700F5A4B9 /* User.m */,
				F2A427792315015000F5A4B9 /* Assets.xcassets */,
				F2A4277B2315015000F5A4B9 /* LaunchScreen.storyboard */,
				F2A4277E2315015000F5A4B9 /* Info.plist */,
				F2A4277F2315015000F5A4B9 /* main.m */,
			);
			path = JinhuiSDKDemo;
			sourceTree = "<group>";
		};
		F2A427882315015000F5A4B9 /* JinhuiSDKDemoTests */ = {
			isa = PBXGroup;
			children = (
				F2A427892315015000F5A4B9 /* JinhuiSDKDemoTests.m */,
				F2A4278B2315015000F5A4B9 /* Info.plist */,
			);
			path = JinhuiSDKDemoTests;
			sourceTree = "<group>";
		};
		F2A427932315015000F5A4B9 /* JinhuiSDKDemoUITests */ = {
			isa = PBXGroup;
			children = (
				F2A427942315015000F5A4B9 /* JinhuiSDKDemoUITests.m */,
				F2A427962315015000F5A4B9 /* Info.plist */,
			);
			path = JinhuiSDKDemoUITests;
			sourceTree = "<group>";
		};
/* End PBXGroup section */

/* Begin PBXNativeTarget section */
		F2A4276C2315014F00F5A4B9 /* JinhuiSDKDemo */ = {
			isa = PBXNativeTarget;
			buildConfigurationList = F2A427992315015000F5A4B9 /* Build configuration list for PBXNativeTarget "JinhuiSDKDemo" */;
			buildPhases = (
				AAD6BA4B019615C5AEB08056 /* [CP] Check Pods Manifest.lock */,
				F2A427692315014F00F5A4B9 /* Sources */,
				F2A4276A2315014F00F5A4B9 /* Frameworks */,
				F2A4276B2315014F00F5A4B9 /* Resources */,
			);
			buildRules = (
			);
			dependencies = (
			);
			name = JinhuiSDKDemo;
			productName = JinhuiSDKDemo;
			productReference = F2A4276D2315014F00F5A4B9 /* JinhuiSDKDemo.app */;
			productType = "com.apple.product-type.application";
		};
		F2A427842315015000F5A4B9 /* JinhuiSDKDemoTests */ = {
			isa = PBXNativeTarget;
			buildConfigurationList = F2A4279C2315015000F5A4B9 /* Build configuration list for PBXNativeTarget "JinhuiSDKDemoTests" */;
			buildPhases = (
				9146568C182F2D5311F657B0 /* [CP] Check Pods Manifest.lock */,
				F2A427812315015000F5A4B9 /* Sources */,
				F2A427822315015000F5A4B9 /* Frameworks */,
				F2A427832315015000F5A4B9 /* Resources */,
			);
			buildRules = (
			);
			dependencies = (
				F2A427872315015000F5A4B9 /* PBXTargetDependency */,
			);
			name = JinhuiSDKDemoTests;
			productName = JinhuiSDKDemoTests;
			productReference = F2A427852315015000F5A4B9 /* JinhuiSDKDemoTests.xctest */;
			productType = "com.apple.product-type.bundle.unit-test";
		};
		F2A4278F2315015000F5A4B9 /* JinhuiSDKDemoUITests */ = {
			isa = PBXNativeTarget;
			buildConfigurationList = F2A4279F2315015000F5A4B9 /* Build configuration list for PBXNativeTarget "JinhuiSDKDemoUITests" */;
			buildPhases = (
				788E20BB4D676B1C9500E83D /* [CP] Check Pods Manifest.lock */,
				F2A4278C2315015000F5A4B9 /* Sources */,
				F2A4278D2315015000F5A4B9 /* Frameworks */,
				F2A4278E2315015000F5A4B9 /* Resources */,
			);
			buildRules = (
			);
			dependencies = (
				F2A427922315015000F5A4B9 /* PBXTargetDependency */,
			);
			name = JinhuiSDKDemoUITests;
			productName = JinhuiSDKDemoUITests;
			productReference = F2A427902315015000F5A4B9 /* JinhuiSDKDemoUITests.xctest */;
			productType = "com.apple.product-type.bundle.ui-testing";
		};
/* End PBXNativeTarget section */

/* Begin PBXProject section */
		F2A427652315014F00F5A4B9 /* Project object */ = {
			isa = PBXProject;
			attributes = {
				LastUpgradeCheck = 1020;
				ORGANIZATIONNAME = mshqiu;
				TargetAttributes = {
					F2A4276C2315014F00F5A4B9 = {
						CreatedOnToolsVersion = 10.2;
					};
					F2A427842315015000F5A4B9 = {
						CreatedOnToolsVersion = 10.2;
						TestTargetID = F2A4276C2315014F00F5A4B9;
					};
					F2A4278F2315015000F5A4B9 = {
						CreatedOnToolsVersion = 10.2;
						TestTargetID = F2A4276C2315014F00F5A4B9;
					};
				};
			};
			buildConfigurationList = F2A427682315014F00F5A4B9 /* Build configuration list for PBXProject "JinhuiSDKDemo" */;
			compatibilityVersion = "Xcode 9.3";
			developmentRegion = en;
			hasScannedForEncodings = 0;
			knownRegions = (
				en,
				Base,
			);
			mainGroup = F2A427642315014F00F5A4B9;
			productRefGroup = F2A4276E2315014F00F5A4B9 /* Products */;
			projectDirPath = "";
			projectRoot = "";
			targets = (
				F2A4276C2315014F00F5A4B9 /* JinhuiSDKDemo */,
				F2A427842315015000F5A4B9 /* JinhuiSDKDemoTests */,
				F2A4278F2315015000F5A4B9 /* JinhuiSDKDemoUITests */,
			);
		};
/* End PBXProject section */

/* Begin PBXResourcesBuildPhase section */
		F2A4276B2315014F00F5A4B9 /* Resources */ = {
			isa = PBXResourcesBuildPhase;
			buildActionMask = 2147483647;
			files = (
				F2A427C92316675B00F5A4B9 /* README.md in Resources */,
				F2A4277D2315015000F5A4B9 /* LaunchScreen.storyboard in Resources */,
				F2A4277A2315015000F5A4B9 /* Assets.xcassets in Resources */,
			);
			runOnlyForDeploymentPostprocessing = 0;
		};
		F2A427832315015000F5A4B9 /* Resources */ = {
			isa = PBXResourcesBuildPhase;
			buildActionMask = 2147483647;
			files = (
			);
			runOnlyForDeploymentPostprocessing = 0;
		};
		F2A4278E2315015000F5A4B9 /* Resources */ = {
			isa = PBXResourcesBuildPhase;
			buildActionMask = 2147483647;
			files = (
			);
			runOnlyForDeploymentPostprocessing = 0;
		};
/* End PBXResourcesBuildPhase section */

/* Begin PBXShellScriptBuildPhase section */
		788E20BB4D676B1C9500E83D /* [CP] Check Pods Manifest.lock */ = {
			isa = PBXShellScriptBuildPhase;
			buildActionMask = 2147483647;
			files = (
			);
			inputFileListPaths = (
			);
			inputPaths = (
				"${PODS_PODFILE_DIR_PATH}/Podfile.lock",
				"${PODS_ROOT}/Manifest.lock",
			);
			name = "[CP] Check Pods Manifest.lock";
			outputFileListPaths = (
			);
			outputPaths = (
				"$(DERIVED_FILE_DIR)/Pods-JinhuiSDKDemoUITests-checkManifestLockResult.txt",
			);
			runOnlyForDeploymentPostprocessing = 0;
			shellPath = /bin/sh;
			shellScript = "diff \"${PODS_PODFILE_DIR_PATH}/Podfile.lock\" \"${PODS_ROOT}/Manifest.lock\" > /dev/null\nif [ $? != 0 ] ; then\n    # print error to STDERR\n    echo \"error: The sandbox is not in sync with the Podfile.lock. Run 'pod install' or update your CocoaPods installation.\" >&2\n    exit 1\nfi\n# This output is used by Xcode 'outputs' to avoid re-running this script phase.\necho \"SUCCESS\" > \"${SCRIPT_OUTPUT_FILE_0}\"\n";
			showEnvVarsInLog = 0;
		};
		9146568C182F2D5311F657B0 /* [CP] Check Pods Manifest.lock */ = {
			isa = PBXShellScriptBuildPhase;
			buildActionMask = 2147483647;
			files = (
			);
			inputFileListPaths = (
			);
			inputPaths = (
				"${PODS_PODFILE_DIR_PATH}/Podfile.lock",
				"${PODS_ROOT}/Manifest.lock",
			);
			name = "[CP] Check Pods Manifest.lock";
			outputFileListPaths = (
			);
			outputPaths = (
				"$(DERIVED_FILE_DIR)/Pods-JinhuiSDKDemoTests-checkManifestLockResult.txt",
			);
			runOnlyForDeploymentPostprocessing = 0;
			shellPath = /bin/sh;
			shellScript = "diff \"${PODS_PODFILE_DIR_PATH}/Podfile.lock\" \"${PODS_ROOT}/Manifest.lock\" > /dev/null\nif [ $? != 0 ] ; then\n    # print error to STDERR\n    echo \"error: The sandbox is not in sync with the Podfile.lock. Run 'pod install' or update your CocoaPods installation.\" >&2\n    exit 1\nfi\n# This output is used by Xcode 'outputs' to avoid re-running this script phase.\necho \"SUCCESS\" > \"${SCRIPT_OUTPUT_FILE_0}\"\n";
			showEnvVarsInLog = 0;
		};
		AAD6BA4B019615C5AEB08056 /* [CP] Check Pods Manifest.lock */ = {
			isa = PBXShellScriptBuildPhase;
			buildActionMask = 2147483647;
			files = (
			);
			inputFileListPaths = (
			);
			inputPaths = (
				"${PODS_PODFILE_DIR_PATH}/Podfile.lock",
				"${PODS_ROOT}/Manifest.lock",
			);
			name = "[CP] Check Pods Manifest.lock";
			outputFileListPaths = (
			);
			outputPaths = (
				"$(DERIVED_FILE_DIR)/Pods-JinhuiSDKDemo-checkManifestLockResult.txt",
			);
			runOnlyForDeploymentPostprocessing = 0;
			shellPath = /bin/sh;
			shellScript = "diff \"${PODS_PODFILE_DIR_PATH}/Podfile.lock\" \"${PODS_ROOT}/Manifest.lock\" > /dev/null\nif [ $? != 0 ] ; then\n    # print error to STDERR\n    echo \"error: The sandbox is not in sync with the Podfile.lock. Run 'pod install' or update your CocoaPods installation.\" >&2\n    exit 1\nfi\n# This output is used by Xcode 'outputs' to avoid re-running this script phase.\necho \"SUCCESS\" > \"${SCRIPT_OUTPUT_FILE_0}\"\n";
			showEnvVarsInLog = 0;
		};
/* End PBXShellScriptBuildPhase section */

/* Begin PBXSourcesBuildPhase section */
		F2A427692315014F00F5A4B9 /* Sources */ = {
			isa = PBXSourcesBuildPhase;
			buildActionMask = 2147483647;
			files = (
				F2A427C0231665A900F5A4B9 /* User.m in Sources */,
				F2A427C2231665A900F5A4B9 /* RiskViewController.m in Sources */,
				F2A427C6231665A900F5A4B9 /* EventListener.m in Sources */,
				F2A427C1231665A900F5A4B9 /* EntryViewController.m in Sources */,
				F2A427C5231665A900F5A4B9 /* HomeViewController.m in Sources */,
				F2A427C4231665A900F5A4B9 /* MineViewController.m in Sources */,
				F2A427BF231665A900F5A4B9 /* LoginViewController.m in Sources */,
				F2A427C3231665A900F5A4B9 /* TabBarController.m in Sources */,
				F2A427802315015000F5A4B9 /* main.m in Sources */,
				F2A427722315014F00F5A4B9 /* AppDelegate.m in Sources */,
			);
			runOnlyForDeploymentPostprocessing = 0;
		};
		F2A427812315015000F5A4B9 /* Sources */ = {
			isa = PBXSourcesBuildPhase;
			buildActionMask = 2147483647;
			files = (
				F2A4278A2315015000F5A4B9 /* JinhuiSDKDemoTests.m in Sources */,
			);
			runOnlyForDeploymentPostprocessing = 0;
		};
		F2A4278C2315015000F5A4B9 /* Sources */ = {
			isa = PBXSourcesBuildPhase;
			buildActionMask = 2147483647;
			files = (
				F2A427952315015000F5A4B9 /* JinhuiSDKDemoUITests.m in Sources */,
			);
			runOnlyForDeploymentPostprocessing = 0;
		};
/* End PBXSourcesBuildPhase section */

/* Begin PBXTargetDependency section */
		F2A427872315015000F5A4B9 /* PBXTargetDependency */ = {
			isa = PBXTargetDependency;
			target = F2A4276C2315014F00F5A4B9 /* JinhuiSDKDemo */;
			targetProxy = F2A427862315015000F5A4B9 /* PBXContainerItemProxy */;
		};
		F2A427922315015000F5A4B9 /* PBXTargetDependency */ = {
			isa = PBXTargetDependency;
			target = F2A4276C2315014F00F5A4B9 /* JinhuiSDKDemo */;
			targetProxy = F2A427912315015000F5A4B9 /* PBXContainerItemProxy */;
		};
/* End PBXTargetDependency section */

/* Begin PBXVariantGroup section */
		F2A4277B2315015000F5A4B9 /* LaunchScreen.storyboard */ = {
			isa = PBXVariantGroup;
			children = (
				F2A4277C2315015000F5A4B9 /* Base */,
			);
			name = LaunchScreen.storyboard;
			sourceTree = "<group>";
		};
/* End PBXVariantGroup section */

/* Begin XCBuildConfiguration section */
		F2A427972315015000F5A4B9 /* Debug */ = {
			isa = XCBuildConfiguration;
			buildSettings = {
				ALWAYS_SEARCH_USER_PATHS = NO;
				CLANG_ANALYZER_NONNULL = YES;
				CLANG_ANALYZER_NUMBER_OBJECT_CONVERSION = YES_AGGRESSIVE;
				CLANG_CXX_LANGUAGE_STANDARD = "gnu++14";
				CLANG_CXX_LIBRARY = "libc++";
				CLANG_ENABLE_MODULES = YES;
				CLANG_ENABLE_OBJC_ARC = YES;
				CLANG_ENABLE_OBJC_WEAK = YES;
				CLANG_WARN_BLOCK_CAPTURE_AUTORELEASING = YES;
				CLANG_WARN_BOOL_CONVERSION = YES;
				CLANG_WARN_COMMA = YES;
				CLANG_WARN_CONSTANT_CONVERSION = YES;
				CLANG_WARN_DEPRECATED_OBJC_IMPLEMENTATIONS = YES;
				CLANG_WARN_DIRECT_OBJC_ISA_USAGE = YES_ERROR;
				CLANG_WARN_DOCUMENTATION_COMMENTS = YES;
				CLANG_WARN_EMPTY_BODY = YES;
				CLANG_WARN_ENUM_CONVERSION = YES;
				CLANG_WARN_INFINITE_RECURSION = YES;
				CLANG_WARN_INT_CONVERSION = YES;
				CLANG_WARN_NON_LITERAL_NULL_CONVERSION = YES;
				CLANG_WARN_OBJC_IMPLICIT_RETAIN_SELF = YES;
				CLANG_WARN_OBJC_LITERAL_CONVERSION = YES;
				CLANG_WARN_OBJC_ROOT_CLASS = YES_ERROR;
				CLANG_WARN_RANGE_LOOP_ANALYSIS = YES;
				CLANG_WARN_STRICT_PROTOTYPES = YES;
				CLANG_WARN_SUSPICIOUS_MOVE = YES;
				CLANG_WARN_UNGUARDED_AVAILABILITY = YES_AGGRESSIVE;
				CLANG_WARN_UNREACHABLE_CODE = YES;
				CLANG_WARN__DUPLICATE_METHOD_MATCH = YES;
				CODE_SIGN_IDENTITY = "iPhone Developer";
				COPY_PHASE_STRIP = NO;
				DEBUG_INFORMATION_FORMAT = dwarf;
				ENABLE_STRICT_OBJC_MSGSEND = YES;
				ENABLE_TESTABILITY = YES;
				GCC_C_LANGUAGE_STANDARD = gnu11;
				GCC_DYNAMIC_NO_PIC = NO;
				GCC_NO_COMMON_BLOCKS = YES;
				GCC_OPTIMIZATION_LEVEL = 0;
				GCC_PREPROCESSOR_DEFINITIONS = (
					"DEBUG=1",
					"$(inherited)",
				);
				GCC_WARN_64_TO_32_BIT_CONVERSION = YES;
				GCC_WARN_ABOUT_RETURN_TYPE = YES_ERROR;
				GCC_WARN_UNDECLARED_SELECTOR = YES;
				GCC_WARN_UNINITIALIZED_AUTOS = YES_AGGRESSIVE;
				GCC_WARN_UNUSED_FUNCTION = YES;
				GCC_WARN_UNUSED_VARIABLE = YES;
				IPHONEOS_DEPLOYMENT_TARGET = 12.2;
				MTL_ENABLE_DEBUG_INFO = INCLUDE_SOURCE;
				MTL_FAST_MATH = YES;
				ONLY_ACTIVE_ARCH = YES;
				SDKROOT = iphoneos;
			};
			name = Debug;
		};
		F2A427982315015000F5A4B9 /* Release */ = {
			isa = XCBuildConfiguration;
			buildSettings = {
				ALWAYS_SEARCH_USER_PATHS = NO;
				CLANG_ANALYZER_NONNULL = YES;
				CLANG_ANALYZER_NUMBER_OBJECT_CONVERSION = YES_AGGRESSIVE;
				CLANG_CXX_LANGUAGE_STANDARD = "gnu++14";
				CLANG_CXX_LIBRARY = "libc++";
				CLANG_ENABLE_MODULES = YES;
				CLANG_ENABLE_OBJC_ARC = YES;
				CLANG_ENABLE_OBJC_WEAK = YES;
				CLANG_WARN_BLOCK_CAPTURE_AUTORELEASING = YES;
				CLANG_WARN_BOOL_CONVERSION = YES;
				CLANG_WARN_COMMA = YES;
				CLANG_WARN_CONSTANT_CONVERSION = YES;
				CLANG_WARN_DEPRECATED_OBJC_IMPLEMENTATIONS = YES;
				CLANG_WARN_DIRECT_OBJC_ISA_USAGE = YES_ERROR;
				CLANG_WARN_DOCUMENTATION_COMMENTS = YES;
				CLANG_WARN_EMPTY_BODY = YES;
				CLANG_WARN_ENUM_CONVERSION = YES;
				CLANG_WARN_INFINITE_RECURSION = YES;
				CLANG_WARN_INT_CONVERSION = YES;
				CLANG_WARN_NON_LITERAL_NULL_CONVERSION = YES;
				CLANG_WARN_OBJC_IMPLICIT_RETAIN_SELF = YES;
				CLANG_WARN_OBJC_LITERAL_CONVERSION = YES;
				CLANG_WARN_OBJC_ROOT_CLASS = YES_ERROR;
				CLANG_WARN_RANGE_LOOP_ANALYSIS = YES;
				CLANG_WARN_STRICT_PROTOTYPES = YES;
				CLANG_WARN_SUSPICIOUS_MOVE = YES;
				CLANG_WARN_UNGUARDED_AVAILABILITY = YES_AGGRESSIVE;
				CLANG_WARN_UNREACHABLE_CODE = YES;
				CLANG_WARN__DUPLICATE_METHOD_MATCH = YES;
				CODE_SIGN_IDENTITY = "iPhone Developer";
				COPY_PHASE_STRIP = NO;
				DEBUG_INFORMATION_FORMAT = "dwarf-with-dsym";
				ENABLE_NS_ASSERTIONS = NO;
				ENABLE_STRICT_OBJC_MSGSEND = YES;
				GCC_C_LANGUAGE_STANDARD = gnu11;
				GCC_NO_COMMON_BLOCKS = YES;
				GCC_WARN_64_TO_32_BIT_CONVERSION = YES;
				GCC_WARN_ABOUT_RETURN_TYPE = YES_ERROR;
				GCC_WARN_UNDECLARED_SELECTOR = YES;
				GCC_WARN_UNINITIALIZED_AUTOS = YES_AGGRESSIVE;
				GCC_WARN_UNUSED_FUNCTION = YES;
				GCC_WARN_UNUSED_VARIABLE = YES;
				IPHONEOS_DEPLOYMENT_TARGET = 12.2;
				MTL_ENABLE_DEBUG_INFO = NO;
				MTL_FAST_MATH = YES;
				SDKROOT = iphoneos;
				VALIDATE_PRODUCT = YES;
			};
			name = Release;
		};
		F2A4279A2315015000F5A4B9 /* Debug */ = {
			isa = XCBuildConfiguration;
			baseConfigurationReference = CF3FB9DCD70043F2C0552167 /* Pods-JinhuiSDKDemo.debug.xcconfig */;
			buildSettings = {
				ASSETCATALOG_COMPILER_APPICON_NAME = AppIcon;
				CODE_SIGN_STYLE = Manual;
				DEVELOPMENT_TEAM = 8YNFJPM5V2;
				FRAMEWORK_SEARCH_PATHS = (
					"$(inherited)",
					"$(PROJECT_DIR)/JinhuiSDKDemo",
				);
				INFOPLIST_FILE = JinhuiSDKDemo/Info.plist;
				IPHONEOS_DEPLOYMENT_TARGET = 9.0;
				LD_RUNPATH_SEARCH_PATHS = (
					"$(inherited)",
					"@executable_path/Frameworks",
				);
				PRODUCT_BUNDLE_IDENTIFIER = "com.jinhui365.inHouse-iphone-pay-staging";
				PRODUCT_NAME = "$(TARGET_NAME)";
				PROVISIONING_PROFILE_SPECIFIER = "Profile_development_iphonepay-staging";
				TARGETED_DEVICE_FAMILY = "1,2";
			};
			name = Debug;
		};
		F2A4279B2315015000F5A4B9 /* Release */ = {
			isa = XCBuildConfiguration;
			baseConfigurationReference = 97D5BB7E0C4486740F2D0596 /* Pods-JinhuiSDKDemo.release.xcconfig */;
			buildSettings = {
				ASSETCATALOG_COMPILER_APPICON_NAME = AppIcon;
				CODE_SIGN_STYLE = Manual;
				DEVELOPMENT_TEAM = "";
				FRAMEWORK_SEARCH_PATHS = (
					"$(inherited)",
					"$(PROJECT_DIR)/JinhuiSDKDemo",
				);
				INFOPLIST_FILE = JinhuiSDKDemo/Info.plist;
				IPHONEOS_DEPLOYMENT_TARGET = 9.0;
				LD_RUNPATH_SEARCH_PATHS = (
					"$(inherited)",
					"@executable_path/Frameworks",
				);
				PRODUCT_BUNDLE_IDENTIFIER = "com.jinhui365.inHouse-iphone-pay-staging";
				PRODUCT_NAME = "$(TARGET_NAME)";
				PROVISIONING_PROFILE_SPECIFIER = "";
				TARGETED_DEVICE_FAMILY = "1,2";
			};
			name = Release;
		};
		F2A4279D2315015000F5A4B9 /* Debug */ = {
			isa = XCBuildConfiguration;
			baseConfigurationReference = 2DF0C19DDADC25FC29C00908 /* Pods-JinhuiSDKDemoTests.debug.xcconfig */;
			buildSettings = {
				BUNDLE_LOADER = "$(TEST_HOST)";
				CODE_SIGN_STYLE = Automatic;
				INFOPLIST_FILE = JinhuiSDKDemoTests/Info.plist;
				LD_RUNPATH_SEARCH_PATHS = (
					"$(inherited)",
					"@executable_path/Frameworks",
					"@loader_path/Frameworks",
				);
				PRODUCT_BUNDLE_IDENTIFIER = com.jinhui365.JinhuiSDKDemoTests;
				PRODUCT_NAME = "$(TARGET_NAME)";
				TARGETED_DEVICE_FAMILY = "1,2";
				TEST_HOST = "$(BUILT_PRODUCTS_DIR)/JinhuiSDKDemo.app/JinhuiSDKDemo";
			};
			name = Debug;
		};
		F2A4279E2315015000F5A4B9 /* Release */ = {
			isa = XCBuildConfiguration;
			baseConfigurationReference = 9F53AA890A1AB26694C8DDF4 /* Pods-JinhuiSDKDemoTests.release.xcconfig */;
			buildSettings = {
				BUNDLE_LOADER = "$(TEST_HOST)";
				CODE_SIGN_STYLE = Automatic;
				INFOPLIST_FILE = JinhuiSDKDemoTests/Info.plist;
				LD_RUNPATH_SEARCH_PATHS = (
					"$(inherited)",
					"@executable_path/Frameworks",
					"@loader_path/Frameworks",
				);
				PRODUCT_BUNDLE_IDENTIFIER = com.jinhui365.JinhuiSDKDemoTests;
				PRODUCT_NAME = "$(TARGET_NAME)";
				TARGETED_DEVICE_FAMILY = "1,2";
				TEST_HOST = "$(BUILT_PRODUCTS_DIR)/JinhuiSDKDemo.app/JinhuiSDKDemo";
			};
			name = Release;
		};
		F2A427A02315015000F5A4B9 /* Debug */ = {
			isa = XCBuildConfiguration;
			baseConfigurationReference = 9FEDA354E951E89938C449FF /* Pods-JinhuiSDKDemoUITests.debug.xcconfig */;
			buildSettings = {
				CODE_SIGN_STYLE = Automatic;
				INFOPLIST_FILE = JinhuiSDKDemoUITests/Info.plist;
				LD_RUNPATH_SEARCH_PATHS = (
					"$(inherited)",
					"@executable_path/Frameworks",
					"@loader_path/Frameworks",
				);
				PRODUCT_BUNDLE_IDENTIFIER = com.jinhui365.JinhuiSDKDemoUITests;
				PRODUCT_NAME = "$(TARGET_NAME)";
				TARGETED_DEVICE_FAMILY = "1,2";
				TEST_TARGET_NAME = JinhuiSDKDemo;
			};
			name = Debug;
		};
		F2A427A12315015000F5A4B9 /* Release */ = {
			isa = XCBuildConfiguration;
			baseConfigurationReference = 7A7F37A079EE74634F1FDCE6 /* Pods-JinhuiSDKDemoUITests.release.xcconfig */;
			buildSettings = {
				CODE_SIGN_STYLE = Automatic;
				INFOPLIST_FILE = JinhuiSDKDemoUITests/Info.plist;
				LD_RUNPATH_SEARCH_PATHS = (
					"$(inherited)",
					"@executable_path/Frameworks",
					"@loader_path/Frameworks",
				);
				PRODUCT_BUNDLE_IDENTIFIER = com.jinhui365.JinhuiSDKDemoUITests;
				PRODUCT_NAME = "$(TARGET_NAME)";
				TARGETED_DEVICE_FAMILY = "1,2";
				TEST_TARGET_NAME = JinhuiSDKDemo;
			};
			name = Release;
		};
/* End XCBuildConfiguration section */

/* Begin XCConfigurationList section */
		F2A427682315014F00F5A4B9 /* Build configuration list for PBXProject "JinhuiSDKDemo" */ = {
			isa = XCConfigurationList;
			buildConfigurations = (
				F2A427972315015000F5A4B9 /* Debug */,
				F2A427982315015000F5A4B9 /* Release */,
			);
			defaultConfigurationIsVisible = 0;
			defaultConfigurationName = Release;
		};
		F2A427992315015000F5A4B9 /* Build configuration list for PBXNativeTarget "JinhuiSDKDemo" */ = {
			isa = XCConfigurationList;
			buildConfigurations = (
				F2A4279A2315015000F5A4B9 /* Debug */,
				F2A4279B2315015000F5A4B9 /* Release */,
			);
			defaultConfigurationIsVisible = 0;
			defaultConfigurationName = Release;
		};
		F2A4279C2315015000F5A4B9 /* Build configuration list for PBXNativeTarget "JinhuiSDKDemoTests" */ = {
			isa = XCConfigurationList;
			buildConfigurations = (
				F2A4279D2315015000F5A4B9 /* Debug */,
				F2A4279E2315015000F5A4B9 /* Release */,
			);
			defaultConfigurationIsVisible = 0;
			defaultConfigurationName = Release;
		};
		F2A4279F2315015000F5A4B9 /* Build configuration list for PBXNativeTarget "JinhuiSDKDemoUITests" */ = {
			isa = XCConfigurationList;
			buildConfigurations = (
				F2A427A02315015000F5A4B9 /* Debug */,
				F2A427A12315015000F5A4B9 /* Release */,
			);
			defaultConfigurationIsVisible = 0;
			defaultConfigurationName = Release;
		};
/* End XCConfigurationList section */
	};
	rootObject = F2A427652315014F00F5A4B9 /* Project object */;
}
